
Microsoft Visual Studio Solution File, Format Version 12.00
# Visual Studio 15
VisualStudioVersion = 15.0.27703.2035
MinimumVisualStudioVersion = 10.0.40219.1
Project("{9A19103F-16F7-4668-BE54-9A1E7A4F7556}") = "Xceed.Words.NETCore", "Xceed.Words.NETCore.csproj", "{8696C8F3-40B6-4C5B-8983-81AAE7CE785F}"
EndProject
Global
	GlobalSection(SolutionConfigurationPlatforms) = preSolution
		Debug|Any CPU = Debug|Any CPU
		Release|Any CPU = Release|Any CPU
	EndGlobalSection
	GlobalSection(ProjectConfigurationPlatforms) = postSolution
		{8696C8F3-40B6-4C5B-8983-81AAE7CE785F}.Debug|Any CPU.ActiveCfg = Debug|Any CPU
		{8696C8F3-40B6-4C5B-8983-81AAE7CE785F}.Debug|Any CPU.Build.0 = Debug|Any CPU
		{8696C8F3-40B6-4C5B-8983-81AAE7CE785F}.Release|Any CPU.ActiveCfg = Release|Any CPU
		{8696C8F3-40B6-4C5B-8983-81AAE7CE785F}.Release|Any CPU.Build.0 = Release|Any CPU
	EndGlobalSection
	GlobalSection(SolutionProperties) = preSolution
		HideSolutionNode = FALSE
	EndGlobalSection
	GlobalSection(ExtensibilityGlobals) = postSolution
		SolutionGuid = {35F8D31E-A439-4981-850C-CB8DE581C6DE}
	EndGlobalSection
EndGlobal
